
Microsoft Visual Studio Solution File, Format Version 12.00
# Visual Studio Version 17
VisualStudioVersion = 17.7.34024.191
MinimumVisualStudioVersion = 10.0.40219.1
Project("{FAE04EC0-301F-11D3-BF4B-00C04F79EFBC}") = "Lecture 4", "Lecture 4\Lecture 4.csproj", "{8A91D24C-95F2-45AF-AE1E-D7517867E723}"
EndProject
Global
	GlobalSection(SolutionConfigurationPlatforms) = preSolution
		Debug|Any CPU = Debug|Any CPU
		Release|Any CPU = Release|Any CPU
	EndGlobalSection
	GlobalSection(ProjectConfigurationPlatforms) = postSolution
		{8A91D24C-95F2-45AF-AE1E-D7517867E723}.Debug|Any CPU.ActiveCfg = Debug|Any CPU
		{8A91D24C-95F2-45AF-AE1E-D7517867E723}.Debug|Any CPU.Build.0 = Debug|Any CPU
		{8A91D24C-95F2-45AF-AE1E-D7517867E723}.Release|Any CPU.ActiveCfg = Release|Any CPU
		{8A91D24C-95F2-45AF-AE1E-D7517867E723}.Release|Any CPU.Build.0 = Release|Any CPU
	EndGlobalSection
	GlobalSection(SolutionProperties) = preSolution
		HideSolutionNode = FALSE
	EndGlobalSection
	GlobalSection(ExtensibilityGlobals) = postSolution
		SolutionGuid = {50571EDB-C251-4C25-88C2-A963996464B0}
	EndGlobalSection
EndGlobal
